// !$*UTF8*$!
{
	archiveVersion = 1;
	classes = {
	};
	objectVersion = 77;
	objects = {

/* Begin PBXFileReference section */
		2B0000000000000000000004 /* Tychedit.app */ = {isa = PBXFileReference; explicitFileType = wrapper.application; includeInIndex = 0; path = Tychedit.app; sourceTree = BUILT_PRODUCTS_DIR; };
		2B0000000000000000000010 /* Tychedit.entitlements */ = {isa = PBXFileReference; lastKnownFileType = text.plist.entitlements; path = Tychedit.entitlements; sourceTree = "<group>"; };
		2B0000000000000000000011 /* Tychedit-Info.plist */ = {isa = PBXFileReference; lastKnownFileType = text.plist.xml; path = "Tychedit-Info.plist"; sourceTree = "<group>"; };
		2B0000000000000000000020 /* TycheditTests.xctest */ = {isa = PBXFileReference; explicitFileType = wrapper.cfbundle; includeInIndex = 0; path = TycheditTests.xctest; sourceTree = BUILT_PRODUCTS_DIR; };
/* End PBXFileReference section */

/* Begin PBXFileSystemSynchronizedRootGroup section */
		2B0000000000000000000009 /* Tychedit */ = {
			isa = PBXFileSystemSynchronizedRootGroup;
			path = Tychedit;
			sourceTree = "<group>";
		};
		2B0000000000000000000021 /* TycheditTests */ = {
			isa = PBXFileSystemSynchronizedRootGroup;
			path = TycheditTests;
			sourceTree = "<group>";
		};
/* End PBXFileSystemSynchronizedRootGroup section */

/* Begin PBXFrameworksBuildPhase section */
		2B0000000000000000000007 /* Frameworks */ = {
			isa = PBXFrameworksBuildPhase;
			buildActionMask = 2147483647;
			files = (
			);
			runOnlyForDeploymentPostprocessing = 0;
		};
		2B0000000000000000000024 /* Frameworks */ = {
			isa = PBXFrameworksBuildPhase;
			buildActionMask = 2147483647;
			files = (
			);
			runOnlyForDeploymentPostprocessing = 0;
		};
/* End PBXFrameworksBuildPhase section */

/* Begin PBXGroup section */
		2B0000000000000000000002 = {
			isa = PBXGroup;
			children = (
				2B0000000000000000000009 /* Tychedit */,
				2B0000000000000000000021 /* TycheditTests */,
				2B0000000000000000000010 /* Tychedit.entitlements */,
				2B0000000000000000000011 /* Tychedit-Info.plist */,
				2B0000000000000000000003 /* Products */,
			);
			sourceTree = "<group>";
		};
		2B0000000000000000000003 /* Products */ = {
			isa = PBXGroup;
			children = (
				2B0000000000000000000004 /* Tychedit.app */,
				2B0000000000000000000020 /* TycheditTests.xctest */,
			);
			name = Products;
			sourceTree = "<group>";
		};
/* End PBXGroup section */

/* Begin PBXNativeTarget section */
		2B0000000000000000000005 /* Tychedit */ = {
			isa = PBXNativeTarget;
			buildConfigurationList = 2B000000000000000000000B /* Build configuration list for PBXNativeTarget "Tychedit" */;
			buildPhases = (
				2B0000000000000000000006 /* Sources */,
				2B0000000000000000000007 /* Frameworks */,
				2B0000000000000000000008 /* Resources */,
			);
			buildRules = (
			);
			dependencies = (
			);
			fileSystemSynchronizedGroups = (
				2B0000000000000000000009 /* Tychedit */,
			);
			name = Tychedit;
			productName = Tychedit;
			productReference = 2B0000000000000000000004 /* Tychedit.app */;
			productType = "com.apple.product-type.application";
		};
		2B0000000000000000000022 /* TycheditTests */ = {
			isa = PBXNativeTarget;
			buildConfigurationList = 2B0000000000000000000026 /* Build configuration list for PBXNativeTarget "TycheditTests" */;
			buildPhases = (
				2B0000000000000000000023 /* Sources */,
				2B0000000000000000000024 /* Frameworks */,
				2B0000000000000000000025 /* Resources */,
			);
			buildRules = (
			);
			dependencies = (
				2B0000000000000000000029 /* PBXTargetDependency */,
			);
			fileSystemSynchronizedGroups = (
				2B0000000000000000000021 /* TycheditTests */,
			);
			name = TycheditTests;
			productName = TycheditTests;
			productReference = 2B0000000000000000000020 /* TycheditTests.xctest */;
			productType = "com.apple.product-type.bundle.unit-test";
		};
/* End PBXNativeTarget section */

/* Begin PBXContainerItemProxy section */
		2B000000000000000000002A /* PBXContainerItemProxy */ = {
			isa = PBXContainerItemProxy;
			containerPortal = 2B0000000000000000000001 /* Project object */;
			proxyType = 1;
			remoteGlobalIDString = 2B0000000000000000000005;
			remoteInfo = Tychedit;
		};
/* End PBXContainerItemProxy section */

/* Begin PBXTargetDependency section */
		2B0000000000000000000029 /* PBXTargetDependency */ = {
			isa = PBXTargetDependency;
			target = 2B0000000000000000000005 /* Tychedit */;
			targetProxy = 2B000000000000000000002A /* PBXContainerItemProxy */;
		};
/* End PBXTargetDependency section */

/* Begin PBXProject section */
		2B0000000000000000000001 /* Project object */ = {
			isa = PBXProject;
			attributes = {
				BuildIndependentTargetsInParallel = 1;
				LastSwiftUpdateCheck = 2600;
				LastUpgradeCheck = 2600;
				TargetAttributes = {
					2B0000000000000000000005 = {
						CreatedOnToolsVersion = 26.0;
					};
					2B0000000000000000000022 = {
						CreatedOnToolsVersion = 26.0;
						TestTargetID = 2B0000000000000000000005;
					};
				};
			};
			buildConfigurationList = 2B000000000000000000000A /* Build configuration list for PBXProject "Tychedit" */;
			developmentRegion = en;
			hasScannedForEncodings = 0;
			knownRegions = (
				en,
				Base,
			);
			mainGroup = 2B0000000000000000000002;
			minimizedProjectReferenceProxies = 1;
			preferredProjectObjectVersion = 77;
			productRefGroup = 2B0000000000000000000003 /* Products */;
			projectDirPath = "";
			projectRoot = "";
			targets = (
				2B0000000000000000000005 /* Tychedit */,
				2B0000000000000000000022 /* TycheditTests */,
			);
		};
/* End PBXProject section */

/* Begin PBXResourcesBuildPhase section */
		2B0000000000000000000008 /* Resources */ = {
			isa = PBXResourcesBuildPhase;
			buildActionMask = 2147483647;
			files = (
			);
			runOnlyForDeploymentPostprocessing = 0;
		};
		2B0000000000000000000025 /* Resources */ = {
			isa = PBXResourcesBuildPhase;
			buildActionMask = 2147483647;
			files = (
			);
			runOnlyForDeploymentPostprocessing = 0;
		};
/* End PBXResourcesBuildPhase section */

/* Begin PBXSourcesBuildPhase section */
		2B0000000000000000000006 /* Sources */ = {
			isa = PBXSourcesBuildPhase;
			buildActionMask = 2147483647;
			files = (
			);
			runOnlyForDeploymentPostprocessing = 0;
		};
		2B0000000000000000000023 /* Sources */ = {
			isa = PBXSourcesBuildPhase;
			buildActionMask = 2147483647;
			files = (
			);
			runOnlyForDeploymentPostprocessing = 0;
		};
/* End PBXSourcesBuildPhase section */

/* Begin XCBuildConfiguration section */
		2B000000000000000000000C /* Debug */ = {
			isa = XCBuildConfiguration;
			buildSettings = {
				ALWAYS_SEARCH_USER_PATHS = NO;
				CLANG_ENABLE_OBJC_ARC = YES;
				COPY_PHASE_STRIP = NO;
				DEBUG_INFORMATION_FORMAT = dwarf;
				ENABLE_STRICT_OBJC_MSGSEND = YES;
				ENABLE_TESTABILITY = YES;
				GCC_OPTIMIZATION_LEVEL = 0;
				MACOSX_DEPLOYMENT_TARGET = 15.0;
				ONLY_ACTIVE_ARCH = YES;
				SDKROOT = macosx;
				SWIFT_ACTIVE_COMPILATION_CONDITIONS = "DEBUG $(inherited)";
				SWIFT_OPTIMIZATION_LEVEL = "-Onone";
				SWIFT_VERSION = 6.0;
			};
			name = Debug;
		};
		2B000000000000000000000D /* Release */ = {
			isa = XCBuildConfiguration;
			buildSettings = {
				ALWAYS_SEARCH_USER_PATHS = NO;
				CLANG_ENABLE_OBJC_ARC = YES;
				COPY_PHASE_STRIP = NO;
				DEBUG_INFORMATION_FORMAT = "dwarf-with-dsym";
				ENABLE_NS_ASSERTIONS = NO;
				ENABLE_STRICT_OBJC_MSGSEND = YES;
				MACOSX_DEPLOYMENT_TARGET = 15.0;
				SDKROOT = macosx;
				SWIFT_COMPILATION_MODE = wholemodule;
				SWIFT_VERSION = 6.0;
			};
			name = Release;
		};
		2B000000000000000000000E /* Debug */ = {
			isa = XCBuildConfiguration;
			buildSettings = {
				CODE_SIGN_ENTITLEMENTS = Tychedit.entitlements;
				CODE_SIGN_IDENTITY = "-";
				CODE_SIGN_STYLE = Manual;
				COMBINE_HIDPI_IMAGES = YES;
				CURRENT_PROJECT_VERSION = 1;
				DEVELOPMENT_TEAM = "";
				ENABLE_HARDENED_RUNTIME = YES;
				ENABLE_PREVIEWS = YES;
				GENERATE_INFOPLIST_FILE = YES;
				INFOPLIST_FILE = "Tychedit-Info.plist";
				INFOPLIST_KEY_LSApplicationCategoryType = "public.app-category.developer-tools";
				INFOPLIST_KEY_NSHumanReadableCopyright = "";
				MARKETING_VERSION = 0.1.0;
				PRODUCT_BUNDLE_IDENTIFIER = dev.verhas.Tychedit;
				PRODUCT_NAME = "$(TARGET_NAME)";
				PROVISIONING_PROFILE_SPECIFIER = "";
				SUPPORTED_PLATFORMS = macosx;
				SWIFT_EMIT_LOC_STRINGS = YES;
			};
			name = Debug;
		};
		2B000000000000000000000F /* Release */ = {
			isa = XCBuildConfiguration;
			buildSettings = {
				CODE_SIGN_ENTITLEMENTS = Tychedit.entitlements;
				CODE_SIGN_IDENTITY = "-";
				CODE_SIGN_STYLE = Manual;
				COMBINE_HIDPI_IMAGES = YES;
				CURRENT_PROJECT_VERSION = 1;
				DEVELOPMENT_TEAM = "";
				ENABLE_HARDENED_RUNTIME = YES;
				ENABLE_PREVIEWS = YES;
				GENERATE_INFOPLIST_FILE = YES;
				INFOPLIST_FILE = "Tychedit-Info.plist";
				INFOPLIST_KEY_LSApplicationCategoryType = "public.app-category.developer-tools";
				INFOPLIST_KEY_NSHumanReadableCopyright = "";
				MARKETING_VERSION = 0.1.0;
				PRODUCT_BUNDLE_IDENTIFIER = dev.verhas.Tychedit;
				PRODUCT_NAME = "$(TARGET_NAME)";
				PROVISIONING_PROFILE_SPECIFIER = "";
				SUPPORTED_PLATFORMS = macosx;
				SWIFT_EMIT_LOC_STRINGS = YES;
			};
			name = Release;
		};
		2B0000000000000000000027 /* Debug */ = {
			isa = XCBuildConfiguration;
			buildSettings = {
				BUNDLE_LOADER = "$(TEST_HOST)";
				CODE_SIGN_IDENTITY = "-";
				CODE_SIGN_STYLE = Manual;
				GENERATE_INFOPLIST_FILE = YES;
				MACOSX_DEPLOYMENT_TARGET = 15.0;
				PRODUCT_BUNDLE_IDENTIFIER = dev.verhas.TycheditTests;
				PRODUCT_NAME = "$(TARGET_NAME)";
				SWIFT_EMIT_LOC_STRINGS = NO;
				TEST_HOST = "$(BUILT_PRODUCTS_DIR)/Tychedit.app/Contents/MacOS/Tychedit";
			};
			name = Debug;
		};
		2B0000000000000000000028 /* Release */ = {
			isa = XCBuildConfiguration;
			buildSettings = {
				BUNDLE_LOADER = "$(TEST_HOST)";
				CODE_SIGN_IDENTITY = "-";
				CODE_SIGN_STYLE = Manual;
				GENERATE_INFOPLIST_FILE = YES;
				MACOSX_DEPLOYMENT_TARGET = 15.0;
				PRODUCT_BUNDLE_IDENTIFIER = dev.verhas.TycheditTests;
				PRODUCT_NAME = "$(TARGET_NAME)";
				SWIFT_EMIT_LOC_STRINGS = NO;
				TEST_HOST = "$(BUILT_PRODUCTS_DIR)/Tychedit.app/Contents/MacOS/Tychedit";
			};
			name = Release;
		};
/* End XCBuildConfiguration section */

/* Begin XCConfigurationList section */
		2B000000000000000000000A /* Build configuration list for PBXProject "Tychedit" */ = {
			isa = XCConfigurationList;
			buildConfigurations = (
				2B000000000000000000000C /* Debug */,
				2B000000000000000000000D /* Release */,
			);
			defaultConfigurationIsVisible = 0;
			defaultConfigurationName = Release;
		};
		2B000000000000000000000B /* Build configuration list for PBXNativeTarget "Tychedit" */ = {
			isa = XCConfigurationList;
			buildConfigurations = (
				2B000000000000000000000E /* Debug */,
				2B000000000000000000000F /* Release */,
			);
			defaultConfigurationIsVisible = 0;
			defaultConfigurationName = Release;
		};
		2B0000000000000000000026 /* Build configuration list for PBXNativeTarget "TycheditTests" */ = {
			isa = XCConfigurationList;
			buildConfigurations = (
				2B0000000000000000000027 /* Debug */,
				2B0000000000000000000028 /* Release */,
			);
			defaultConfigurationIsVisible = 0;
			defaultConfigurationName = Release;
		};
/* End XCConfigurationList section */
	};
	rootObject = 2B0000000000000000000001 /* Project object */;
}
